// !$*UTF8*$!
{
	archiveVersion = 1;
	classes = {
	};
	objectVersion = 50;
	objects = {

/* Begin PBXBuildFile section */
		D40052DE25E51D79009E433A /* PlayerViewController.swift in Sources */ = {isa = PBXBuildFile; fileRef = D40052DD25E51D79009E433A /* PlayerViewController.swift */; };
		D41034DB25E4638F00CADA94 /* RecordModel.swift in Sources */ = {isa = PBXBuildFile; fileRef = D41034DA25E4638F00CADA94 /* RecordModel.swift */; };
		D43F570B25E688C100D46D56 /* RecorderManager.swift in Sources */ = {isa = PBXBuildFile; fileRef = D43F570A25E688C100D46D56 /* RecorderManager.swift */; };
		D482243225E42C9B0015FA2D /* AudioManager.swift in Sources */ = {isa = PBXBuildFile; fileRef = D482243125E42C9B0015FA2D /* AudioManager.swift */; };
		D48879B125E58BFE0099F956 /* PlayerManager.swift in Sources */ = {isa = PBXBuildFile; fileRef = D48879B025E58BFE0099F956 /* PlayerManager.swift */; };
		D48879B625E64BF10099F956 /* RecorderViewController.swift in Sources */ = {isa = PBXBuildFile; fileRef = D48879B525E64BF10099F956 /* RecorderViewController.swift */; };
		D4AE02B225FE139F0039D111 /* WaveModel.swift in Sources */ = {isa = PBXBuildFile; fileRef = D4AE02B125FE139F0039D111 /* WaveModel.swift */; };
		D4E820DF25E16EE5007204AC /* AppDelegate.swift in Sources */ = {isa = PBXBuildFile; fileRef = D4E820DE25E16EE5007204AC /* AppDelegate.swift */; };
		D4E820E125E16EE6007204AC /* SceneDelegate.swift in Sources */ = {isa = PBXBuildFile; fileRef = D4E820E025E16EE6007204AC /* SceneDelegate.swift */; };
		D4E820E325E16EE6007204AC /* ViewController.swift in Sources */ = {isa = PBXBuildFile; fileRef = D4E820E225E16EE6007204AC /* ViewController.swift */; };
		D4E820E625E16EE6007204AC /* Main.storyboard in Resources */ = {isa = PBXBuildFile; fileRef = D4E820E425E16EE6007204AC /* Main.storyboard */; };
		D4E820E825E16EEC007204AC /* Assets.xcassets in Resources */ = {isa = PBXBuildFile; fileRef = D4E820E725E16EEC007204AC /* Assets.xcassets */; };
		D4E820EB25E16EEC007204AC /* LaunchScreen.storyboard in Resources */ = {isa = PBXBuildFile; fileRef = D4E820E925E16EEC007204AC /* LaunchScreen.storyboard */; };
/* End PBXBuildFile section */

/* Begin PBXFileReference section */
		D40052DD25E51D79009E433A /* PlayerViewController.swift */ = {isa = PBXFileReference; lastKnownFileType = sourcecode.swift; path = PlayerViewController.swift; sourceTree = "<group>"; };
		D41034DA25E4638F00CADA94 /* RecordModel.swift */ = {isa = PBXFileReference; lastKnownFileType = sourcecode.swift; path = RecordModel.swift; sourceTree = "<group>"; };
		D43F570A25E688C100D46D56 /* RecorderManager.swift */ = {isa = PBXFileReference; lastKnownFileType = sourcecode.swift; path = RecorderManager.swift; sourceTree = "<group>"; };
		D482243125E42C9B0015FA2D /* AudioManager.swift */ = {isa = PBXFileReference; lastKnownFileType = sourcecode.swift; path = AudioManager.swift; sourceTree = "<group>"; };
		D48879B025E58BFE0099F956 /* PlayerManager.swift */ = {isa = PBXFileReference; lastKnownFileType = sourcecode.swift; path = PlayerManager.swift; sourceTree = "<group>"; };
		D48879B525E64BF10099F956 /* RecorderViewController.swift */ = {isa = PBXFileReference; lastKnownFileType = sourcecode.swift; path = RecorderViewController.swift; sourceTree = "<group>"; };
		D4AE02B125FE139F0039D111 /* WaveModel.swift */ = {isa = PBXFileReference; lastKnownFileType = sourcecode.swift; path = WaveModel.swift; sourceTree = "<group>"; };
		D4E5141125EAAC8900A04C2E /* Voice Recorder.entitlements */ = {isa = PBXFileReference; fileEncoding = 4; lastKnownFileType = text.plist.entitlements; path = "Voice Recorder.entitlements"; sourceTree = "<group>"; };
		D4E820DB25E16EE5007204AC /* Voice Recorder.app */ = {isa = PBXFileReference; explicitFileType = wrapper.application; includeInIndex = 0; path = "Voice Recorder.app"; sourceTree = BUILT_PRODUCTS_DIR; };
		D4E820DE25E16EE5007204AC /* AppDelegate.swift */ = {isa = PBXFileReference; lastKnownFileType = sourcecode.swift; path = AppDelegate.swift; sourceTree = "<group>"; };
		D4E820E025E16EE6007204AC /* SceneDelegate.swift */ = {isa = PBXFileReference; lastKnownFileType = sourcecode.swift; path = SceneDelegate.swift; sourceTree = "<group>"; };
		D4E820E225E16EE6007204AC /* ViewController.swift */ = {isa = PBXFileReference; lastKnownFileType = sourcecode.swift; path = ViewController.swift; sourceTree = "<group>"; };
		D4E820E525E16EE6007204AC /* Base */ = {isa = PBXFileReference; lastKnownFileType = file.storyboard; name = Base; path = Base.lproj/Main.storyboard; sourceTree = "<group>"; };
		D4E820E725E16EEC007204AC /* Assets.xcassets */ = {isa = PBXFileReference; lastKnownFileType = folder.assetcatalog; path = Assets.xcassets; sourceTree = "<group>"; };
		D4E820EA25E16EEC007204AC /* Base */ = {isa = PBXFileReference; lastKnownFileType = file.storyboard; name = Base; path = Base.lproj/LaunchScreen.storyboard; sourceTree = "<group>"; };
		D4E820EC25E16EEC007204AC /* Info.plist */ = {isa = PBXFileReference; lastKnownFileType = text.plist.xml; path = Info.plist; sourceTree = "<group>"; };
/* End PBXFileReference section */

/* Begin PBXFrameworksBuildPhase section */
		D4E820D825E16EE5007204AC /* Frameworks */ = {
			isa = PBXFrameworksBuildPhase;
			buildActionMask = 2147483647;
			files = (
			);
			runOnlyForDeploymentPostprocessing = 0;
		};
/* End PBXFrameworksBuildPhase section */

/* Begin PBXGroup section */
		D482242B25E42C370015FA2D /* Model */ = {
			isa = PBXGroup;
			children = (
				D4E820DE25E16EE5007204AC /* AppDelegate.swift */,
				D4E820E025E16EE6007204AC /* SceneDelegate.swift */,
				D482243125E42C9B0015FA2D /* AudioManager.swift */,
				D41034DA25E4638F00CADA94 /* RecordModel.swift */,
				D48879B025E58BFE0099F956 /* PlayerManager.swift */,
				D43F570A25E688C100D46D56 /* RecorderManager.swift */,
				D4AE02B125FE139F0039D111 /* WaveModel.swift */,
			);
			path = Model;
			sourceTree = "<group>";
		};
		D482242C25E42C410015FA2D /* View */ = {
			isa = PBXGroup;
			children = (
				D4E820E925E16EEC007204AC /* LaunchScreen.storyboard */,
				D4E820E425E16EE6007204AC /* Main.storyboard */,
			);
			path = View;
			sourceTree = "<group>";
		};
		D482242D25E42C450015FA2D /* Controller */ = {
			isa = PBXGroup;
			children = (
				D4E820E225E16EE6007204AC /* ViewController.swift */,
				D40052DD25E51D79009E433A /* PlayerViewController.swift */,
				D48879B525E64BF10099F956 /* RecorderViewController.swift */,
			);
			path = Controller;
			sourceTree = "<group>";
		};
		D4E820D225E16EE5007204AC = {
			isa = PBXGroup;
			children = (
				D4E820DD25E16EE5007204AC /* Voice Recorder */,
				D4E820DC25E16EE5007204AC /* Products */,
			);
			sourceTree = "<group>";
		};
		D4E820DC25E16EE5007204AC /* Products */ = {
			isa = PBXGroup;
			children = (
				D4E820DB25E16EE5007204AC /* Voice Recorder.app */,
			);
			name = Products;
			sourceTree = "<group>";
		};
		D4E820DD25E16EE5007204AC /* Voice Recorder */ = {
			isa = PBXGroup;
			children = (
				D482242B25E42C370015FA2D /* Model */,
				D482242C25E42C410015FA2D /* View */,
				D482242D25E42C450015FA2D /* Controller */,
				D4E820E725E16EEC007204AC /* Assets.xcassets */,
				D4E820EC25E16EEC007204AC /* Info.plist */,
				D4E5141125EAAC8900A04C2E /* Voice Recorder.entitlements */,
			);
			path = "Voice Recorder";
			sourceTree = "<group>";
		};
/* End PBXGroup section */

/* Begin PBXNativeTarget section */
		D4E820DA25E16EE5007204AC /* Voice Recorder */ = {
			isa = PBXNativeTarget;
			buildConfigurationList = D4E820EF25E16EEC007204AC /* Build configuration list for PBXNativeTarget "Voice Recorder" */;
			buildPhases = (
				D4E820D725E16EE5007204AC /* Sources */,
				D4E820D825E16EE5007204AC /* Frameworks */,
				D4E820D925E16EE5007204AC /* Resources */,
			);
			buildRules = (
			);
			dependencies = (
			);
			name = "Voice Recorder";
			productName = "Voice Recorder";
			productReference = D4E820DB25E16EE5007204AC /* Voice Recorder.app */;
			productType = "com.apple.product-type.application";
		};
/* End PBXNativeTarget section */

/* Begin PBXProject section */
		D4E820D325E16EE5007204AC /* Project object */ = {
			isa = PBXProject;
			attributes = {
				LastSwiftUpdateCheck = 1230;
				LastUpgradeCheck = 1230;
				TargetAttributes = {
					D4E820DA25E16EE5007204AC = {
						CreatedOnToolsVersion = 12.3;
					};
				};
			};
			buildConfigurationList = D4E820D625E16EE5007204AC /* Build configuration list for PBXProject "Voice Recorder" */;
			compatibilityVersion = "Xcode 9.3";
			developmentRegion = en;
			hasScannedForEncodings = 0;
			knownRegions = (
				en,
				Base,
			);
			mainGroup = D4E820D225E16EE5007204AC;
			productRefGroup = D4E820DC25E16EE5007204AC /* Products */;
			projectDirPath = "";
			projectRoot = "";
			targets = (
				D4E820DA25E16EE5007204AC /* Voice Recorder */,
			);
		};
/* End PBXProject section */

/* Begin PBXResourcesBuildPhase section */
		D4E820D925E16EE5007204AC /* Resources */ = {
			isa = PBXResourcesBuildPhase;
			buildActionMask = 2147483647;
			files = (
				D4E820EB25E16EEC007204AC /* LaunchScreen.storyboard in Resources */,
				D4E820E825E16EEC007204AC /* Assets.xcassets in Resources */,
				D4E820E625E16EE6007204AC /* Main.storyboard in Resources */,
			);
			runOnlyForDeploymentPostprocessing = 0;
		};
/* End PBXResourcesBuildPhase section */

/* Begin PBXSourcesBuildPhase section */
		D4E820D725E16EE5007204AC /* Sources */ = {
			isa = PBXSourcesBuildPhase;
			buildActionMask = 2147483647;
			files = (
				D482243225E42C9B0015FA2D /* AudioManager.swift in Sources */,
				D43F570B25E688C100D46D56 /* RecorderManager.swift in Sources */,
				D4E820E325E16EE6007204AC /* ViewController.swift in Sources */,
				D4E820DF25E16EE5007204AC /* AppDelegate.swift in Sources */,
				D4AE02B225FE139F0039D111 /* WaveModel.swift in Sources */,
				D48879B125E58BFE0099F956 /* PlayerManager.swift in Sources */,
				D48879B625E64BF10099F956 /* RecorderViewController.swift in Sources */,
				D41034DB25E4638F00CADA94 /* RecordModel.swift in Sources */,
				D4E820E125E16EE6007204AC /* SceneDelegate.swift in Sources */,
				D40052DE25E51D79009E433A /* PlayerViewController.swift in Sources */,
			);
			runOnlyForDeploymentPostprocessing = 0;
		};
/* End PBXSourcesBuildPhase section */

/* Begin PBXVariantGroup section */
		D4E820E425E16EE6007204AC /* Main.storyboard */ = {
			isa = PBXVariantGroup;
			children = (
				D4E820E525E16EE6007204AC /* Base */,
			);
			name = Main.storyboard;
			sourceTree = "<group>";
		};
		D4E820E925E16EEC007204AC /* LaunchScreen.storyboard */ = {
			isa = PBXVariantGroup;
			children = (
				D4E820EA25E16EEC007204AC /* Base */,
			);
			name = LaunchScreen.storyboard;
			sourceTree = "<group>";
		};
/* End PBXVariantGroup section */

/* Begin XCBuildConfiguration section */
		D4E820ED25E16EEC007204AC /* Debug */ = {
			isa = XCBuildConfiguration;
			buildSettings = {
				ALWAYS_SEARCH_USER_PATHS = NO;
				CLANG_ANALYZER_NONNULL = YES;
				CLANG_ANALYZER_NUMBER_OBJECT_CONVERSION = YES_AGGRESSIVE;
				CLANG_CXX_LANGUAGE_STANDARD = "gnu++14";
				CLANG_CXX_LIBRARY = "libc++";
				CLANG_ENABLE_MODULES = YES;
				CLANG_ENABLE_OBJC_ARC = YES;
				CLANG_ENABLE_OBJC_WEAK = YES;
				CLANG_WARN_BLOCK_CAPTURE_AUTORELEASING = YES;
				CLANG_WARN_BOOL_CONVERSION = YES;
				CLANG_WARN_COMMA = YES;
				CLANG_WARN_CONSTANT_CONVERSION = YES;
				CLANG_WARN_DEPRECATED_OBJC_IMPLEMENTATIONS = YES;
				CLANG_WARN_DIRECT_OBJC_ISA_USAGE = YES_ERROR;
				CLANG_WARN_DOCUMENTATION_COMMENTS = YES;
				CLANG_WARN_EMPTY_BODY = YES;
				CLANG_WARN_ENUM_CONVERSION = YES;
				CLANG_WARN_INFINITE_RECURSION = YES;
				CLANG_WARN_INT_CONVERSION = YES;
				CLANG_WARN_NON_LITERAL_NULL_CONVERSION = YES;
				CLANG_WARN_OBJC_IMPLICIT_RETAIN_SELF = YES;
				CLANG_WARN_OBJC_LITERAL_CONVERSION = YES;
				CLANG_WARN_OBJC_ROOT_CLASS = YES_ERROR;
				CLANG_WARN_QUOTED_INCLUDE_IN_FRAMEWORK_HEADER = YES;
				CLANG_WARN_RANGE_LOOP_ANALYSIS = YES;
				CLANG_WARN_STRICT_PROTOTYPES = YES;
				CLANG_WARN_SUSPICIOUS_MOVE = YES;
				CLANG_WARN_UNGUARDED_AVAILABILITY = YES_AGGRESSIVE;
				CLANG_WARN_UNREACHABLE_CODE = YES;
				CLANG_WARN__DUPLICATE_METHOD_MATCH = YES;
				COPY_PHASE_STRIP = NO;
				DEBUG_INFORMATION_FORMAT = dwarf;
				ENABLE_STRICT_OBJC_MSGSEND = YES;
				ENABLE_TESTABILITY = YES;
				GCC_C_LANGUAGE_STANDARD = gnu11;
				GCC_DYNAMIC_NO_PIC = NO;
				GCC_NO_COMMON_BLOCKS = YES;
				GCC_OPTIMIZATION_LEVEL = 0;
				GCC_PREPROCESSOR_DEFINITIONS = (
					"DEBUG=1",
					"$(inherited)",
				);
				GCC_WARN_64_TO_32_BIT_CONVERSION = YES;
				GCC_WARN_ABOUT_RETURN_TYPE = YES_ERROR;
				GCC_WARN_UNDECLARED_SELECTOR = YES;
				GCC_WARN_UNINITIALIZED_AUTOS = YES_AGGRESSIVE;
				GCC_WARN_UNUSED_FUNCTION = YES;
				GCC_WARN_UNUSED_VARIABLE = YES;
				IPHONEOS_DEPLOYMENT_TARGET = 14.3;
				MTL_ENABLE_DEBUG_INFO = INCLUDE_SOURCE;
				MTL_FAST_MATH = YES;
				ONLY_ACTIVE_ARCH = YES;
				SDKROOT = iphoneos;
				SWIFT_ACTIVE_COMPILATION_CONDITIONS = DEBUG;
				SWIFT_OPTIMIZATION_LEVEL = "-Onone";
			};
			name = Debug;
		};
		D4E820EE25E16EEC007204AC /* Release */ = {
			isa = XCBuildConfiguration;
			buildSettings = {
				ALWAYS_SEARCH_USER_PATHS = NO;
				CLANG_ANALYZER_NONNULL = YES;
				CLANG_ANALYZER_NUMBER_OBJECT_CONVERSION = YES_AGGRESSIVE;
				CLANG_CXX_LANGUAGE_STANDARD = "gnu++14";
				CLANG_CXX_LIBRARY = "libc++";
				CLANG_ENABLE_MODULES = YES;
				CLANG_ENABLE_OBJC_ARC = YES;
				CLANG_ENABLE_OBJC_WEAK = YES;
				CLANG_WARN_BLOCK_CAPTURE_AUTORELEASING = YES;
				CLANG_WARN_BOOL_CONVERSION = YES;
				CLANG_WARN_COMMA = YES;
				CLANG_WARN_CONSTANT_CONVERSION = YES;
				CLANG_WARN_DEPRECATED_OBJC_IMPLEMENTATIONS = YES;
				CLANG_WARN_DIRECT_OBJC_ISA_USAGE = YES_ERROR;
				CLANG_WARN_DOCUMENTATION_COMMENTS = YES;
				CLANG_WARN_EMPTY_BODY = YES;
				CLANG_WARN_ENUM_CONVERSION = YES;
				CLANG_WARN_INFINITE_RECURSION = YES;
				CLANG_WARN_INT_CONVERSION = YES;
				CLANG_WARN_NON_LITERAL_NULL_CONVERSION = YES;
				CLANG_WARN_OBJC_IMPLICIT_RETAIN_SELF = YES;
				CLANG_WARN_OBJC_LITERAL_CONVERSION = YES;
				CLANG_WARN_OBJC_ROOT_CLASS = YES_ERROR;
				CLANG_WARN_QUOTED_INCLUDE_IN_FRAMEWORK_HEADER = YES;
				CLANG_WARN_RANGE_LOOP_ANALYSIS = YES;
				CLANG_WARN_STRICT_PROTOTYPES = YES;
				CLANG_WARN_SUSPICIOUS_MOVE = YES;
				CLANG_WARN_UNGUARDED_AVAILABILITY = YES_AGGRESSIVE;
				CLANG_WARN_UNREACHABLE_CODE = YES;
				CLANG_WARN__DUPLICATE_METHOD_MATCH = YES;
				COPY_PHASE_STRIP = NO;
				DEBUG_INFORMATION_FORMAT = "dwarf-with-dsym";
				ENABLE_NS_ASSERTIONS = NO;
				ENABLE_STRICT_OBJC_MSGSEND = YES;
				GCC_C_LANGUAGE_STANDARD = gnu11;
				GCC_NO_COMMON_BLOCKS = YES;
				GCC_WARN_64_TO_32_BIT_CONVERSION = YES;
				GCC_WARN_ABOUT_RETURN_TYPE = YES_ERROR;
				GCC_WARN_UNDECLARED_SELECTOR = YES;
				GCC_WARN_UNINITIALIZED_AUTOS = YES_AGGRESSIVE;
				GCC_WARN_UNUSED_FUNCTION = YES;
				GCC_WARN_UNUSED_VARIABLE = YES;
				IPHONEOS_DEPLOYMENT_TARGET = 14.3;
				MTL_ENABLE_DEBUG_INFO = NO;
				MTL_FAST_MATH = YES;
				SDKROOT = iphoneos;
				SWIFT_COMPILATION_MODE = wholemodule;
				SWIFT_OPTIMIZATION_LEVEL = "-O";
				VALIDATE_PRODUCT = YES;
			};
			name = Release;
		};
		D4E820F025E16EEC007204AC /* Debug */ = {
			isa = XCBuildConfiguration;
			buildSettings = {
				ASSETCATALOG_COMPILER_APPICON_NAME = AppIcon;
				ASSETCATALOG_COMPILER_GLOBAL_ACCENT_COLOR_NAME = AccentColor;
				CODE_SIGN_ENTITLEMENTS = "Voice Recorder/Voice Recorder.entitlements";
				CODE_SIGN_STYLE = Automatic;
				DEVELOPMENT_TEAM = S3SMDSS7CA;
				INFOPLIST_FILE = "Voice Recorder/Info.plist";
				LD_RUNPATH_SEARCH_PATHS = (
					"$(inherited)",
					"@executable_path/Frameworks",
				);
				PRODUCT_BUNDLE_IDENTIFIER = "com.stefancrudu.Voice-Recorder";
				PRODUCT_NAME = "$(TARGET_NAME)";
				SWIFT_VERSION = 5.0;
				TARGETED_DEVICE_FAMILY = 1;
			};
			name = Debug;
		};
		D4E820F125E16EEC007204AC /* Release */ = {
			isa = XCBuildConfiguration;
			buildSettings = {
				ASSETCATALOG_COMPILER_APPICON_NAME = AppIcon;
				ASSETCATALOG_COMPILER_GLOBAL_ACCENT_COLOR_NAME = AccentColor;
				CODE_SIGN_ENTITLEMENTS = "Voice Recorder/Voice Recorder.entitlements";
				CODE_SIGN_STYLE = Automatic;
				DEVELOPMENT_TEAM = S3SMDSS7CA;
				INFOPLIST_FILE = "Voice Recorder/Info.plist";
				LD_RUNPATH_SEARCH_PATHS = (
					"$(inherited)",
					"@executable_path/Frameworks",
				);
				PRODUCT_BUNDLE_IDENTIFIER = "com.stefancrudu.Voice-Recorder";
				PRODUCT_NAME = "$(TARGET_NAME)";
				SWIFT_VERSION = 5.0;
				TARGETED_DEVICE_FAMILY = 1;
			};
			name = Release;
		};
/* End XCBuildConfiguration section */

/* Begin XCConfigurationList section */
		D4E820D625E16EE5007204AC /* Build configuration list for PBXProject "Voice Recorder" */ = {
			isa = XCConfigurationList;
			buildConfigurations = (
				D4E820ED25E16EEC007204AC /* Debug */,
				D4E820EE25E16EEC007204AC /* Release */,
			);
			defaultConfigurationIsVisible = 0;
			defaultConfigurationName = Release;
		};
		D4E820EF25E16EEC007204AC /* Build configuration list for PBXNativeTarget "Voice Recorder" */ = {
			isa = XCConfigurationList;
			buildConfigurations = (
				D4E820F025E16EEC007204AC /* Debug */,
				D4E820F125E16EEC007204AC /* Release */,
			);
			defaultConfigurationIsVisible = 0;
			defaultConfigurationName = Release;
		};
/* End XCConfigurationList section */
	};
	rootObject = D4E820D325E16EE5007204AC /* Project object */;
}
